
Microsoft Visual Studio Solution File, Format Version 12.00
# Visual Studio Version 16
VisualStudioVersion = 16.0.29102.190
MinimumVisualStudioVersion = 10.0.40219.1
Project("{9A19103F-16F7-4668-BE54-9A1E7A4F7556}") = "GrpcTestServer", "GrpcServer\GrpcTestServer.csproj", "{3B8ADC68-813B-4999-B179-2F53C9AFB1C4}"
EndProject
Project("{9A19103F-16F7-4668-BE54-9A1E7A4F7556}") = "GrpcTestClient", "GrpcClient\GrpcTestClient.csproj", "{1759A36E-43D8-4A34-841C-76422AE53F16}"
EndProject
Global
	GlobalSection(SolutionConfigurationPlatforms) = preSolution
		Debug|Any CPU = Debug|Any CPU
		Release|Any CPU = Release|Any CPU
	EndGlobalSection
	GlobalSection(ProjectConfigurationPlatforms) = postSolution
		{3B8ADC68-813B-4999-B179-2F53C9AFB1C4}.Debug|Any CPU.ActiveCfg = Debug|Any CPU
		{3B8ADC68-813B-4999-B179-2F53C9AFB1C4}.Debug|Any CPU.Build.0 = Debug|Any CPU
		{3B8ADC68-813B-4999-B179-2F53C9AFB1C4}.Release|Any CPU.ActiveCfg = Release|Any CPU
		{3B8ADC68-813B-4999-B179-2F53C9AFB1C4}.Release|Any CPU.Build.0 = Release|Any CPU
		{1759A36E-43D8-4A34-841C-76422AE53F16}.Debug|Any CPU.ActiveCfg = Debug|Any CPU
		{1759A36E-43D8-4A34-841C-76422AE53F16}.Debug|Any CPU.Build.0 = Debug|Any CPU
		{1759A36E-43D8-4A34-841C-76422AE53F16}.Release|Any CPU.ActiveCfg = Release|Any CPU
		{1759A36E-43D8-4A34-841C-76422AE53F16}.Release|Any CPU.Build.0 = Release|Any CPU
	EndGlobalSection
	GlobalSection(SolutionProperties) = preSolution
		HideSolutionNode = FALSE
	EndGlobalSection
	GlobalSection(ExtensibilityGlobals) = postSolution
		SolutionGuid = {CB68FDDE-FA69-4084-AFD5-54297585D6AF}
	EndGlobalSection
EndGlobal
